# This file was autogenerated by Stack.
# You should not edit this file by hand.
# For more information, please see the documentation at:
#   https://docs.haskellstack.org/en/stable/lock_files

packages: []
snapshots:
- completed:
    size: 520653
    url: https://raw.githubusercontent.com/commercialhaskell/stackage-snapshots/master/nightly/2020/8/11.yaml
    sha256: 74849a88e811bd9edc0862085e9eacab60c669091868da91a63a556f60393088
  original: nightly-2020-08-11
